// !$*UTF8*$!
{
	archiveVersion = 1;
	classes = {
	};
	objectVersion = 50;
	objects = {

/* Begin PBXBuildFile section */
		BA5889F327426979008E36EF /* AppDelegate.swift in Sources */ = {isa = PBXBuildFile; fileRef = BA5889F227426979008E36EF /* AppDelegate.swift */; };
		BA5889F527426979008E36EF /* SceneDelegate.swift in Sources */ = {isa = PBXBuildFile; fileRef = BA5889F427426979008E36EF /* SceneDelegate.swift */; };
		BA5889F727426979008E36EF /* ViewController.swift in Sources */ = {isa = PBXBuildFile; fileRef = BA5889F627426979008E36EF /* ViewController.swift */; };
		BA5889FA2742697A008E36EF /* Main.storyboard in Resources */ = {isa = PBXBuildFile; fileRef = BA5889F82742697A008E36EF /* Main.storyboard */; };
		BA5889FC2742697B008E36EF /* Assets.xcassets in Resources */ = {isa = PBXBuildFile; fileRef = BA5889FB2742697B008E36EF /* Assets.xcassets */; };
		BA5889FF2742697B008E36EF /* LaunchScreen.storyboard in Resources */ = {isa = PBXBuildFile; fileRef = BA5889FD2742697B008E36EF /* LaunchScreen.storyboard */; };
		BA588A0A2742697C008E36EF /* personal_playTests.swift in Sources */ = {isa = PBXBuildFile; fileRef = BA588A092742697C008E36EF /* personal_playTests.swift */; };
/* End PBXBuildFile section */

/* Begin PBXContainerItemProxy section */
		BA588A062742697C008E36EF /* PBXContainerItemProxy */ = {
			isa = PBXContainerItemProxy;
			containerPortal = BA5889E727426979008E36EF /* Project object */;
			proxyType = 1;
			remoteGlobalIDString = BA5889EE27426979008E36EF;
			remoteInfo = personal_play;
		};
/* End PBXContainerItemProxy section */

/* Begin PBXFileReference section */
		BA5889EF27426979008E36EF /* personal_play.app */ = {isa = PBXFileReference; explicitFileType = wrapper.application; includeInIndex = 0; path = personal_play.app; sourceTree = BUILT_PRODUCTS_DIR; };
		BA5889F227426979008E36EF /* AppDelegate.swift */ = {isa = PBXFileReference; lastKnownFileType = sourcecode.swift; path = AppDelegate.swift; sourceTree = "<group>"; };
		BA5889F427426979008E36EF /* SceneDelegate.swift */ = {isa = PBXFileReference; lastKnownFileType = sourcecode.swift; path = SceneDelegate.swift; sourceTree = "<group>"; };
		BA5889F627426979008E36EF /* ViewController.swift */ = {isa = PBXFileReference; lastKnownFileType = sourcecode.swift; path = ViewController.swift; sourceTree = "<group>"; };
		BA5889F92742697A008E36EF /* Base */ = {isa = PBXFileReference; lastKnownFileType = file.storyboard; name = Base; path = Base.lproj/Main.storyboard; sourceTree = "<group>"; };
		BA5889FB2742697B008E36EF /* Assets.xcassets */ = {isa = PBXFileReference; lastKnownFileType = folder.assetcatalog; path = Assets.xcassets; sourceTree = "<group>"; };
		BA5889FE2742697B008E36EF /* Base */ = {isa = PBXFileReference; lastKnownFileType = file.storyboard; name = Base; path = Base.lproj/LaunchScreen.storyboard; sourceTree = "<group>"; };
		BA588A002742697B008E36EF /* Info.plist */ = {isa = PBXFileReference; lastKnownFileType = text.plist.xml; path = Info.plist; sourceTree = "<group>"; };
		BA588A052742697C008E36EF /* personal_playTests.xctest */ = {isa = PBXFileReference; explicitFileType = wrapper.cfbundle; includeInIndex = 0; path = personal_playTests.xctest; sourceTree = BUILT_PRODUCTS_DIR; };
		BA588A092742697C008E36EF /* personal_playTests.swift */ = {isa = PBXFileReference; lastKnownFileType = sourcecode.swift; path = personal_playTests.swift; sourceTree = "<group>"; };
		BA588A0B2742697C008E36EF /* Info.plist */ = {isa = PBXFileReference; lastKnownFileType = text.plist.xml; path = Info.plist; sourceTree = "<group>"; };
/* End PBXFileReference section */

/* Begin PBXFrameworksBuildPhase section */
		BA5889EC27426979008E36EF /* Frameworks */ = {
			isa = PBXFrameworksBuildPhase;
			buildActionMask = 2147483647;
			files = (
			);
			runOnlyForDeploymentPostprocessing = 0;
		};
		BA588A022742697C008E36EF /* Frameworks */ = {
			isa = PBXFrameworksBuildPhase;
			buildActionMask = 2147483647;
			files = (
			);
			runOnlyForDeploymentPostprocessing = 0;
		};
/* End PBXFrameworksBuildPhase section */

/* Begin PBXGroup section */
		BA5889E627426979008E36EF = {
			isa = PBXGroup;
			children = (
				BA5889F127426979008E36EF /* personal_play */,
				BA588A082742697C008E36EF /* personal_playTests */,
				BA5889F027426979008E36EF /* Products */,
			);
			sourceTree = "<group>";
		};
		BA5889F027426979008E36EF /* Products */ = {
			isa = PBXGroup;
			children = (
				BA5889EF27426979008E36EF /* personal_play.app */,
				BA588A052742697C008E36EF /* personal_playTests.xctest */,
			);
			name = Products;
			sourceTree = "<group>";
		};
		BA5889F127426979008E36EF /* personal_play */ = {
			isa = PBXGroup;
			children = (
				BA5889F227426979008E36EF /* AppDelegate.swift */,
				BA5889F427426979008E36EF /* SceneDelegate.swift */,
				BA5889F627426979008E36EF /* ViewController.swift */,
				BA5889F82742697A008E36EF /* Main.storyboard */,
				BA5889FB2742697B008E36EF /* Assets.xcassets */,
				BA5889FD2742697B008E36EF /* LaunchScreen.storyboard */,
				BA588A002742697B008E36EF /* Info.plist */,
			);
			path = personal_play;
			sourceTree = "<group>";
		};
		BA588A082742697C008E36EF /* personal_playTests */ = {
			isa = PBXGroup;
			children = (
				BA588A092742697C008E36EF /* personal_playTests.swift */,
				BA588A0B2742697C008E36EF /* Info.plist */,
			);
			path = personal_playTests;
			sourceTree = "<group>";
		};
/* End PBXGroup section */

/* Begin PBXNativeTarget section */
		BA5889EE27426979008E36EF /* personal_play */ = {
			isa = PBXNativeTarget;
			buildConfigurationList = BA588A0E2742697C008E36EF /* Build configuration list for PBXNativeTarget "personal_play" */;
			buildPhases = (
				BA5889EB27426979008E36EF /* Sources */,
				BA5889EC27426979008E36EF /* Frameworks */,
				BA5889ED27426979008E36EF /* Resources */,
			);
			buildRules = (
			);
			dependencies = (
			);
			name = personal_play;
			productName = personal_play;
			productReference = BA5889EF27426979008E36EF /* personal_play.app */;
			productType = "com.apple.product-type.application";
		};
		BA588A042742697C008E36EF /* personal_playTests */ = {
			isa = PBXNativeTarget;
			buildConfigurationList = BA588A112742697C008E36EF /* Build configuration list for PBXNativeTarget "personal_playTests" */;
			buildPhases = (
				BA588A012742697C008E36EF /* Sources */,
				BA588A022742697C008E36EF /* Frameworks */,
				BA588A032742697C008E36EF /* Resources */,
			);
			buildRules = (
			);
			dependencies = (
				BA588A072742697C008E36EF /* PBXTargetDependency */,
			);
			name = personal_playTests;
			productName = personal_playTests;
			productReference = BA588A052742697C008E36EF /* personal_playTests.xctest */;
			productType = "com.apple.product-type.bundle.unit-test";
		};
/* End PBXNativeTarget section */

/* Begin PBXProject section */
		BA5889E727426979008E36EF /* Project object */ = {
			isa = PBXProject;
			attributes = {
				LastSwiftUpdateCheck = 1170;
				LastUpgradeCheck = 1170;
				ORGANIZATIONNAME = lkj;
				TargetAttributes = {
					BA5889EE27426979008E36EF = {
						CreatedOnToolsVersion = 11.7;
					};
					BA588A042742697C008E36EF = {
						CreatedOnToolsVersion = 11.7;
						TestTargetID = BA5889EE27426979008E36EF;
					};
				};
			};
			buildConfigurationList = BA5889EA27426979008E36EF /* Build configuration list for PBXProject "personal_play" */;
			compatibilityVersion = "Xcode 9.3";
			developmentRegion = en;
			hasScannedForEncodings = 0;
			knownRegions = (
				en,
				Base,
			);
			mainGroup = BA5889E627426979008E36EF;
			productRefGroup = BA5889F027426979008E36EF /* Products */;
			projectDirPath = "";
			projectRoot = "";
			targets = (
				BA5889EE27426979008E36EF /* personal_play */,
				BA588A042742697C008E36EF /* personal_playTests */,
			);
		};
/* End PBXProject section */

/* Begin PBXResourcesBuildPhase section */
		BA5889ED27426979008E36EF /* Resources */ = {
			isa = PBXResourcesBuildPhase;
			buildActionMask = 2147483647;
			files = (
				BA5889FF2742697B008E36EF /* LaunchScreen.storyboard in Resources */,
				BA5889FC2742697B008E36EF /* Assets.xcassets in Resources */,
				BA5889FA2742697A008E36EF /* Main.storyboard in Resources */,
			);
			runOnlyForDeploymentPostprocessing = 0;
		};
		BA588A032742697C008E36EF /* Resources */ = {
			isa = PBXResourcesBuildPhase;
			buildActionMask = 2147483647;
			files = (
			);
			runOnlyForDeploymentPostprocessing = 0;
		};
/* End PBXResourcesBuildPhase section */

/* Begin PBXSourcesBuildPhase section */
		BA5889EB27426979008E36EF /* Sources */ = {
			isa = PBXSourcesBuildPhase;
			buildActionMask = 2147483647;
			files = (
				BA5889F727426979008E36EF /* ViewController.swift in Sources */,
				BA5889F327426979008E36EF /* AppDelegate.swift in Sources */,
				BA5889F527426979008E36EF /* SceneDelegate.swift in Sources */,
			);
			runOnlyForDeploymentPostprocessing = 0;
		};
		BA588A012742697C008E36EF /* Sources */ = {
			isa = PBXSourcesBuildPhase;
			buildActionMask = 2147483647;
			files = (
				BA588A0A2742697C008E36EF /* personal_playTests.swift in Sources */,
			);
			runOnlyForDeploymentPostprocessing = 0;
		};
/* End PBXSourcesBuildPhase section */

/* Begin PBXTargetDependency section */
		BA588A072742697C008E36EF /* PBXTargetDependency */ = {
			isa = PBXTargetDependency;
			target = BA5889EE27426979008E36EF /* personal_play */;
			targetProxy = BA588A062742697C008E36EF /* PBXContainerItemProxy */;
		};
/* End PBXTargetDependency section */

/* Begin PBXVariantGroup section */
		BA5889F82742697A008E36EF /* Main.storyboard */ = {
			isa = PBXVariantGroup;
			children = (
				BA5889F92742697A008E36EF /* Base */,
			);
			name = Main.storyboard;
			sourceTree = "<group>";
		};
		BA5889FD2742697B008E36EF /* LaunchScreen.storyboard */ = {
			isa = PBXVariantGroup;
			children = (
				BA5889FE2742697B008E36EF /* Base */,
			);
			name = LaunchScreen.storyboard;
			sourceTree = "<group>";
		};
/* End PBXVariantGroup section */

/* Begin XCBuildConfiguration section */
		BA588A0C2742697C008E36EF /* Debug */ = {
			isa = XCBuildConfiguration;
			buildSettings = {
				ALWAYS_SEARCH_USER_PATHS = NO;
				CLANG_ANALYZER_NONNULL = YES;
				CLANG_ANALYZER_NUMBER_OBJECT_CONVERSION = YES_AGGRESSIVE;
				CLANG_CXX_LANGUAGE_STANDARD = "gnu++14";
				CLANG_CXX_LIBRARY = "libc++";
				CLANG_ENABLE_MODULES = YES;
				CLANG_ENABLE_OBJC_ARC = YES;
				CLANG_ENABLE_OBJC_WEAK = YES;
				CLANG_WARN_BLOCK_CAPTURE_AUTORELEASING = YES;
				CLANG_WARN_BOOL_CONVERSION = YES;
				CLANG_WARN_COMMA = YES;
				CLANG_WARN_CONSTANT_CONVERSION = YES;
				CLANG_WARN_DEPRECATED_OBJC_IMPLEMENTATIONS = YES;
				CLANG_WARN_DIRECT_OBJC_ISA_USAGE = YES_ERROR;
				CLANG_WARN_DOCUMENTATION_COMMENTS = YES;
				CLANG_WARN_EMPTY_BODY = YES;
				CLANG_WARN_ENUM_CONVERSION = YES;
				CLANG_WARN_INFINITE_RECURSION = YES;
				CLANG_WARN_INT_CONVERSION = YES;
				CLANG_WARN_NON_LITERAL_NULL_CONVERSION = YES;
				CLANG_WARN_OBJC_IMPLICIT_RETAIN_SELF = YES;
				CLANG_WARN_OBJC_LITERAL_CONVERSION = YES;
				CLANG_WARN_OBJC_ROOT_CLASS = YES_ERROR;
				CLANG_WARN_RANGE_LOOP_ANALYSIS = YES;
				CLANG_WARN_STRICT_PROTOTYPES = YES;
				CLANG_WARN_SUSPICIOUS_MOVE = YES;
				CLANG_WARN_UNGUARDED_AVAILABILITY = YES_AGGRESSIVE;
				CLANG_WARN_UNREACHABLE_CODE = YES;
				CLANG_WARN__DUPLICATE_METHOD_MATCH = YES;
				COPY_PHASE_STRIP = NO;
				DEBUG_INFORMATION_FORMAT = dwarf;
				ENABLE_STRICT_OBJC_MSGSEND = YES;
				ENABLE_TESTABILITY = YES;
				GCC_C_LANGUAGE_STANDARD = gnu11;
				GCC_DYNAMIC_NO_PIC = NO;
				GCC_NO_COMMON_BLOCKS = YES;
				GCC_OPTIMIZATION_LEVEL = 0;
				GCC_PREPROCESSOR_DEFINITIONS = (
					"DEBUG=1",
					"$(inherited)",
				);
				GCC_WARN_64_TO_32_BIT_CONVERSION = YES;
				GCC_WARN_ABOUT_RETURN_TYPE = YES_ERROR;
				GCC_WARN_UNDECLARED_SELECTOR = YES;
				GCC_WARN_UNINITIALIZED_AUTOS = YES_AGGRESSIVE;
				GCC_WARN_UNUSED_FUNCTION = YES;
				GCC_WARN_UNUSED_VARIABLE = YES;
				IPHONEOS_DEPLOYMENT_TARGET = 13.7;
				MTL_ENABLE_DEBUG_INFO = INCLUDE_SOURCE;
				MTL_FAST_MATH = YES;
				ONLY_ACTIVE_ARCH = YES;
				SDKROOT = iphoneos;
				SWIFT_ACTIVE_COMPILATION_CONDITIONS = DEBUG;
				SWIFT_OPTIMIZATION_LEVEL = "-Onone";
			};
			name = Debug;
		};
		BA588A0D2742697C008E36EF /* Release */ = {
			isa = XCBuildConfiguration;
			buildSettings = {
				ALWAYS_SEARCH_USER_PATHS = NO;
				CLANG_ANALYZER_NONNULL = YES;
				CLANG_ANALYZER_NUMBER_OBJECT_CONVERSION = YES_AGGRESSIVE;
				CLANG_CXX_LANGUAGE_STANDARD = "gnu++14";
				CLANG_CXX_LIBRARY = "libc++";
				CLANG_ENABLE_MODULES = YES;
				CLANG_ENABLE_OBJC_ARC = YES;
				CLANG_ENABLE_OBJC_WEAK = YES;
				CLANG_WARN_BLOCK_CAPTURE_AUTORELEASING = YES;
				CLANG_WARN_BOOL_CONVERSION = YES;
				CLANG_WARN_COMMA = YES;
				CLANG_WARN_CONSTANT_CONVERSION = YES;
				CLANG_WARN_DEPRECATED_OBJC_IMPLEMENTATIONS = YES;
				CLANG_WARN_DIRECT_OBJC_ISA_USAGE = YES_ERROR;
				CLANG_WARN_DOCUMENTATION_COMMENTS = YES;
				CLANG_WARN_EMPTY_BODY = YES;
				CLANG_WARN_ENUM_CONVERSION = YES;
				CLANG_WARN_INFINITE_RECURSION = YES;
				CLANG_WARN_INT_CONVERSION = YES;
				CLANG_WARN_NON_LITERAL_NULL_CONVERSION = YES;
				CLANG_WARN_OBJC_IMPLICIT_RETAIN_SELF = YES;
				CLANG_WARN_OBJC_LITERAL_CONVERSION = YES;
				CLANG_WARN_OBJC_ROOT_CLASS = YES_ERROR;
				CLANG_WARN_RANGE_LOOP_ANALYSIS = YES;
				CLANG_WARN_STRICT_PROTOTYPES = YES;
				CLANG_WARN_SUSPICIOUS_MOVE = YES;
				CLANG_WARN_UNGUARDED_AVAILABILITY = YES_AGGRESSIVE;
				CLANG_WARN_UNREACHABLE_CODE = YES;
				CLANG_WARN__DUPLICATE_METHOD_MATCH = YES;
				COPY_PHASE_STRIP = NO;
				DEBUG_INFORMATION_FORMAT = "dwarf-with-dsym";
				ENABLE_NS_ASSERTIONS = NO;
				ENABLE_STRICT_OBJC_MSGSEND = YES;
				GCC_C_LANGUAGE_STANDARD = gnu11;
				GCC_NO_COMMON_BLOCKS = YES;
				GCC_WARN_64_TO_32_BIT_CONVERSION = YES;
				GCC_WARN_ABOUT_RETURN_TYPE = YES_ERROR;
				GCC_WARN_UNDECLARED_SELECTOR = YES;
				GCC_WARN_UNINITIALIZED_AUTOS = YES_AGGRESSIVE;
				GCC_WARN_UNUSED_FUNCTION = YES;
				GCC_WARN_UNUSED_VARIABLE = YES;
				IPHONEOS_DEPLOYMENT_TARGET = 13.7;
				MTL_ENABLE_DEBUG_INFO = NO;
				MTL_FAST_MATH = YES;
				SDKROOT = iphoneos;
				SWIFT_COMPILATION_MODE = wholemodule;
				SWIFT_OPTIMIZATION_LEVEL = "-O";
				VALIDATE_PRODUCT = YES;
			};
			name = Release;
		};
		BA588A0F2742697C008E36EF /* Debug */ = {
			isa = XCBuildConfiguration;
			buildSettings = {
				ASSETCATALOG_COMPILER_APPICON_NAME = AppIcon;
				CODE_SIGN_STYLE = Automatic;
				INFOPLIST_FILE = personal_play/Info.plist;
				LD_RUNPATH_SEARCH_PATHS = (
					"$(inherited)",
					"@executable_path/Frameworks",
				);
				PRODUCT_BUNDLE_IDENTIFIER = "cn.edu.jlu.ccst.036.personal-play";
				PRODUCT_NAME = "$(TARGET_NAME)";
				SWIFT_VERSION = 5.0;
				TARGETED_DEVICE_FAMILY = "1,2";
			};
			name = Debug;
		};
		BA588A102742697C008E36EF /* Release */ = {
			isa = XCBuildConfiguration;
			buildSettings = {
				ASSETCATALOG_COMPILER_APPICON_NAME = AppIcon;
				CODE_SIGN_STYLE = Automatic;
				INFOPLIST_FILE = personal_play/Info.plist;
				LD_RUNPATH_SEARCH_PATHS = (
					"$(inherited)",
					"@executable_path/Frameworks",
				);
				PRODUCT_BUNDLE_IDENTIFIER = "cn.edu.jlu.ccst.036.personal-play";
				PRODUCT_NAME = "$(TARGET_NAME)";
				SWIFT_VERSION = 5.0;
				TARGETED_DEVICE_FAMILY = "1,2";
			};
			name = Release;
		};
		BA588A122742697C008E36EF /* Debug */ = {
			isa = XCBuildConfiguration;
			buildSettings = {
				ALWAYS_EMBED_SWIFT_STANDARD_LIBRARIES = YES;
				BUNDLE_LOADER = "$(TEST_HOST)";
				CODE_SIGN_STYLE = Automatic;
				INFOPLIST_FILE = personal_playTests/Info.plist;
				IPHONEOS_DEPLOYMENT_TARGET = 13.7;
				LD_RUNPATH_SEARCH_PATHS = (
					"$(inherited)",
					"@executable_path/Frameworks",
					"@loader_path/Frameworks",
				);
				PRODUCT_BUNDLE_IDENTIFIER = "cn.edu.jlu.ccst.036.personal-playTests";
				PRODUCT_NAME = "$(TARGET_NAME)";
				SWIFT_VERSION = 5.0;
				TARGETED_DEVICE_FAMILY = "1,2";
				TEST_HOST = "$(BUILT_PRODUCTS_DIR)/personal_play.app/personal_play";
			};
			name = Debug;
		};
		BA588A132742697C008E36EF /* Release */ = {
			isa = XCBuildConfiguration;
			buildSettings = {
				ALWAYS_EMBED_SWIFT_STANDARD_LIBRARIES = YES;
				BUNDLE_LOADER = "$(TEST_HOST)";
				CODE_SIGN_STYLE = Automatic;
				INFOPLIST_FILE = personal_playTests/Info.plist;
				IPHONEOS_DEPLOYMENT_TARGET = 13.7;
				LD_RUNPATH_SEARCH_PATHS = (
					"$(inherited)",
					"@executable_path/Frameworks",
					"@loader_path/Frameworks",
				);
				PRODUCT_BUNDLE_IDENTIFIER = "cn.edu.jlu.ccst.036.personal-playTests";
				PRODUCT_NAME = "$(TARGET_NAME)";
				SWIFT_VERSION = 5.0;
				TARGETED_DEVICE_FAMILY = "1,2";
				TEST_HOST = "$(BUILT_PRODUCTS_DIR)/personal_play.app/personal_play";
			};
			name = Release;
		};
/* End XCBuildConfiguration section */

/* Begin XCConfigurationList section */
		BA5889EA27426979008E36EF /* Build configuration list for PBXProject "personal_play" */ = {
			isa = XCConfigurationList;
			buildConfigurations = (
				BA588A0C2742697C008E36EF /* Debug */,
				BA588A0D2742697C008E36EF /* Release */,
			);
			defaultConfigurationIsVisible = 0;
			defaultConfigurationName = Release;
		};
		BA588A0E2742697C008E36EF /* Build configuration list for PBXNativeTarget "personal_play" */ = {
			isa = XCConfigurationList;
			buildConfigurations = (
				BA588A0F2742697C008E36EF /* Debug */,
				BA588A102742697C008E36EF /* Release */,
			);
			defaultConfigurationIsVisible = 0;
			defaultConfigurationName = Release;
		};
		BA588A112742697C008E36EF /* Build configuration list for PBXNativeTarget "personal_playTests" */ = {
			isa = XCConfigurationList;
			buildConfigurations = (
				BA588A122742697C008E36EF /* Debug */,
				BA588A132742697C008E36EF /* Release */,
			);
			defaultConfigurationIsVisible = 0;
			defaultConfigurationName = Release;
		};
/* End XCConfigurationList section */
	};
	rootObject = BA5889E727426979008E36EF /* Project object */;
}
